
Microsoft Visual Studio Solution File, Format Version 12.00
# Visual Studio Version 16
VisualStudioVersion = 16.0.28922.388
MinimumVisualStudioVersion = 10.0.40219.1
Project("{FAE04EC0-301F-11D3-BF4B-00C04F79EFBC}") = "ComicBookGallery", "ComicBookGallery\ComicBookGallery.csproj", "{C1B575AD-67CD-4B9D-A97A-630C5AE8BA31}"
EndProject
Global
	GlobalSection(SolutionConfigurationPlatforms) = preSolution
		Debug|Any CPU = Debug|Any CPU
		Release|Any CPU = Release|Any CPU
	EndGlobalSection
	GlobalSection(ProjectConfigurationPlatforms) = postSolution
		{C1B575AD-67CD-4B9D-A97A-630C5AE8BA31}.Debug|Any CPU.ActiveCfg = Debug|Any CPU
		{C1B575AD-67CD-4B9D-A97A-630C5AE8BA31}.Debug|Any CPU.Build.0 = Debug|Any CPU
		{C1B575AD-67CD-4B9D-A97A-630C5AE8BA31}.Release|Any CPU.ActiveCfg = Release|Any CPU
		{C1B575AD-67CD-4B9D-A97A-630C5AE8BA31}.Release|Any CPU.Build.0 = Release|Any CPU
	EndGlobalSection
	GlobalSection(SolutionProperties) = preSolution
		HideSolutionNode = FALSE
	EndGlobalSection
	GlobalSection(ExtensibilityGlobals) = postSolution
		SolutionGuid = {FE787CDF-32BE-4465-8737-E4D809EB552F}
	EndGlobalSection
EndGlobal
